
Microsoft Visual Studio Solution File, Format Version 12.00
# Visual Studio Version 17
VisualStudioVersion = 17.0.31903.59
MinimumVisualStudioVersion = 10.0.40219.1
Project("{2150E333-8FDC-42A3-9474-1A3956D46DE8}") = "src", "src", "{47A35725-E56F-42D7-B18E-2F609C254031}"
EndProject
Project("{2150E333-8FDC-42A3-9474-1A3956D46DE8}") = "core", "core", "{83EA5284-E8DB-4B08-BF0C-A2CA9044E16E}"
EndProject
Project("{FAE04EC0-301F-11D3-BF4B-00C04F79EFBC}") = "CleanArchitecture.Outbox.MassTransit.Bridge", "src\outbox\CleanArchitecture.Outbox.MassTransit.Bridge\CleanArchitecture.Outbox.MassTransit.Bridge.csproj", "{CCFE1C66-9040-41C6-9535-46F21EAE5E86}"
EndProject
Project("{FAE04EC0-301F-11D3-BF4B-00C04F79EFBC}") = "CleanArchitecture.Cmms.Contracts", "src\Contracts\CleanArchitecture.Cmms.Contracts.csproj", "{79919EF2-F50B-44CB-8ED8-F1222700EA4F}"
EndProject
Project("{2150E333-8FDC-42A3-9474-1A3956D46DE8}") = "outbox", "outbox", "{62D8791E-4C62-42B5-A5BC-64F4A19CC366}"
EndProject
Project("{FAE04EC0-301F-11D3-BF4B-00C04F79EFBC}") = "CleanArchitecture.Outbox", "src\outbox\CleanArchitecture.Outbox\CleanArchitecture.Outbox.csproj", "{0FC9BBA3-DB4C-40A9-ACEC-269F4508538B}"
EndProject
Project("{2150E333-8FDC-42A3-9474-1A3956D46DE8}") = "services", "services", "{DD6CCFEF-F528-473D-B751-B5370B07D3DB}"
EndProject
Project("{2150E333-8FDC-42A3-9474-1A3956D46DE8}") = "WorkOrders", "WorkOrders", "{8C5167E5-07D9-49BC-8962-7D072DC5271D}"
EndProject
Project("{FAE04EC0-301F-11D3-BF4B-00C04F79EFBC}") = "WorkOrders.Service.Domain", "src\services\WorkOrders.Service\WorkOrders.Service.Domain\WorkOrders.Service.Domain.csproj", "{717E3EFF-0BAA-44A4-AF63-C4D2EB1FD6A6}"
EndProject
Project("{FAE04EC0-301F-11D3-BF4B-00C04F79EFBC}") = "WorkOrders.Service.Application", "src\services\WorkOrders.Service\WorkOrders.Service.Application\WorkOrders.Service.Application.csproj", "{AF81148A-42CB-4AAF-978A-AE4BF14FA676}"
EndProject
Project("{FAE04EC0-301F-11D3-BF4B-00C04F79EFBC}") = "WorkOrders.Service.Infrastructure", "src\services\WorkOrders.Service\WorkOrders.Service.Infrastructure\WorkOrders.Service.Infrastructure.csproj", "{6FF5C78B-DFA6-44CF-973C-A22C661D2777}"
EndProject
Project("{FAE04EC0-301F-11D3-BF4B-00C04F79EFBC}") = "WorkOrders.Service.Api", "src\services\WorkOrders.Service\WorkOrders.Service.Api\WorkOrders.Service.Api.csproj", "{1F28CE6F-4B51-4562-A203-5A21F4B48A25}"
EndProject
Project("{2150E333-8FDC-42A3-9474-1A3956D46DE8}") = "Assets", "Assets", "{A5653F99-8132-463E-8EC9-2A296C0E1DC0}"
EndProject
Project("{FAE04EC0-301F-11D3-BF4B-00C04F79EFBC}") = "Assets.Service.Domain", "src\services\Assets.Service\Assets.Service.Domain\Assets.Service.Domain.csproj", "{A9EEB2D9-C4D5-429C-8E21-3A3268AF423D}"
EndProject
Project("{FAE04EC0-301F-11D3-BF4B-00C04F79EFBC}") = "Assets.Service.Application", "src\services\Assets.Service\Assets.Service.Application\Assets.Service.Application.csproj", "{AAEA0329-C6C5-4509-856E-1F922212D218}"
EndProject
Project("{FAE04EC0-301F-11D3-BF4B-00C04F79EFBC}") = "Assets.Service.Infrastructure", "src\services\Assets.Service\Assets.Service.Infrastructure\Assets.Service.Infrastructure.csproj", "{9C352E56-9F8B-4D30-AC96-72F8DD9316BA}"
EndProject
Project("{FAE04EC0-301F-11D3-BF4B-00C04F79EFBC}") = "Assets.Service.Api", "src\services\Assets.Service\Assets.Service.Api\Assets.Service.Api.csproj", "{28E7065A-C647-4156-92E0-7DB8B41D7AAF}"
EndProject
Project("{2150E333-8FDC-42A3-9474-1A3956D46DE8}") = "Technicians", "Technicians", "{923A4D42-C690-4FFA-AAD6-37D4D928C846}"
EndProject
Project("{FAE04EC0-301F-11D3-BF4B-00C04F79EFBC}") = "Technicians.Service.Domain", "src\services\Technicians.Service\Technicians.Service.Domain\Technicians.Service.Domain.csproj", "{373BC5EE-D913-49EA-886E-0EE4BEA81EAE}"
EndProject
Project("{FAE04EC0-301F-11D3-BF4B-00C04F79EFBC}") = "Technicians.Service.Application", "src\services\Technicians.Service\Technicians.Service.Application\Technicians.Service.Application.csproj", "{584CA520-0BFB-4FAE-B5D3-BE1E540B7572}"
EndProject
Project("{FAE04EC0-301F-11D3-BF4B-00C04F79EFBC}") = "Technicians.Service.Infrastructure", "src\services\Technicians.Service\Technicians.Service.Infrastructure\Technicians.Service.Infrastructure.csproj", "{0D2D0F4A-B811-4BF2-88EF-E72644FF3CBE}"
EndProject
Project("{FAE04EC0-301F-11D3-BF4B-00C04F79EFBC}") = "Technicians.Service.Api", "src\services\Technicians.Service\Technicians.Service.Api\Technicians.Service.Api.csproj", "{AE9FD9E5-2498-405A-9DB1-459BECD38B97}"
EndProject
Project("{2150E333-8FDC-42A3-9474-1A3956D46DE8}") = "Orchestration", "Orchestration", "{0E35E5CF-5A5B-452F-9D0E-DCB3294DF590}"
EndProject
Project("{FAE04EC0-301F-11D3-BF4B-00C04F79EFBC}") = "Orchestration.Service", "src\services\Orchestration.Service\Orchestration.Service.csproj", "{10CFF6AC-039D-41D7-92B2-9511D3C60697}"
EndProject
Project("{FAE04EC0-301F-11D3-BF4B-00C04F79EFBC}") = "CleanArchitecture.Core.Application.Pipelines", "src\core\CleanArchitecture.Core.Application.Pipelines\CleanArchitecture.Core.Application.Pipelines.csproj", "{992E2E39-A165-4B98-9862-E7B5B14E546F}"
EndProject
Project("{FAE04EC0-301F-11D3-BF4B-00C04F79EFBC}") = "CleanArchitecture.Core.Api", "src\core\CleanArchitecture.Core.Api\CleanArchitecture.Core.Api.csproj", "{CE00BCAD-D824-42E6-87B2-76B90E197819}"
EndProject
Global
	GlobalSection(SolutionConfigurationPlatforms) = preSolution
		Debug|Any CPU = Debug|Any CPU
		Release|Any CPU = Release|Any CPU
	EndGlobalSection
	GlobalSection(ProjectConfigurationPlatforms) = postSolution
		{CCFE1C66-9040-41C6-9535-46F21EAE5E86}.Debug|Any CPU.ActiveCfg = Debug|Any CPU
		{CCFE1C66-9040-41C6-9535-46F21EAE5E86}.Debug|Any CPU.Build.0 = Debug|Any CPU
		{CCFE1C66-9040-41C6-9535-46F21EAE5E86}.Release|Any CPU.ActiveCfg = Release|Any CPU
		{CCFE1C66-9040-41C6-9535-46F21EAE5E86}.Release|Any CPU.Build.0 = Release|Any CPU
		{79919EF2-F50B-44CB-8ED8-F1222700EA4F}.Debug|Any CPU.ActiveCfg = Debug|Any CPU
		{79919EF2-F50B-44CB-8ED8-F1222700EA4F}.Debug|Any CPU.Build.0 = Debug|Any CPU
		{79919EF2-F50B-44CB-8ED8-F1222700EA4F}.Release|Any CPU.ActiveCfg = Release|Any CPU
		{79919EF2-F50B-44CB-8ED8-F1222700EA4F}.Release|Any CPU.Build.0 = Release|Any CPU
		{0FC9BBA3-DB4C-40A9-ACEC-269F4508538B}.Debug|Any CPU.ActiveCfg = Debug|Any CPU
		{0FC9BBA3-DB4C-40A9-ACEC-269F4508538B}.Debug|Any CPU.Build.0 = Debug|Any CPU
		{0FC9BBA3-DB4C-40A9-ACEC-269F4508538B}.Release|Any CPU.ActiveCfg = Release|Any CPU
		{0FC9BBA3-DB4C-40A9-ACEC-269F4508538B}.Release|Any CPU.Build.0 = Release|Any CPU
		{717E3EFF-0BAA-44A4-AF63-C4D2EB1FD6A6}.Debug|Any CPU.ActiveCfg = Debug|Any CPU
		{717E3EFF-0BAA-44A4-AF63-C4D2EB1FD6A6}.Debug|Any CPU.Build.0 = Debug|Any CPU
		{717E3EFF-0BAA-44A4-AF63-C4D2EB1FD6A6}.Release|Any CPU.ActiveCfg = Release|Any CPU
		{717E3EFF-0BAA-44A4-AF63-C4D2EB1FD6A6}.Release|Any CPU.Build.0 = Release|Any CPU
		{AF81148A-42CB-4AAF-978A-AE4BF14FA676}.Debug|Any CPU.ActiveCfg = Debug|Any CPU
		{AF81148A-42CB-4AAF-978A-AE4BF14FA676}.Debug|Any CPU.Build.0 = Debug|Any CPU
		{AF81148A-42CB-4AAF-978A-AE4BF14FA676}.Release|Any CPU.ActiveCfg = Release|Any CPU
		{AF81148A-42CB-4AAF-978A-AE4BF14FA676}.Release|Any CPU.Build.0 = Release|Any CPU
		{6FF5C78B-DFA6-44CF-973C-A22C661D2777}.Debug|Any CPU.ActiveCfg = Debug|Any CPU
		{6FF5C78B-DFA6-44CF-973C-A22C661D2777}.Debug|Any CPU.Build.0 = Debug|Any CPU
		{6FF5C78B-DFA6-44CF-973C-A22C661D2777}.Release|Any CPU.ActiveCfg = Release|Any CPU
		{6FF5C78B-DFA6-44CF-973C-A22C661D2777}.Release|Any CPU.Build.0 = Release|Any CPU
		{1F28CE6F-4B51-4562-A203-5A21F4B48A25}.Debug|Any CPU.ActiveCfg = Debug|Any CPU
		{1F28CE6F-4B51-4562-A203-5A21F4B48A25}.Debug|Any CPU.Build.0 = Debug|Any CPU
		{1F28CE6F-4B51-4562-A203-5A21F4B48A25}.Release|Any CPU.ActiveCfg = Release|Any CPU
		{1F28CE6F-4B51-4562-A203-5A21F4B48A25}.Release|Any CPU.Build.0 = Release|Any CPU
		{A9EEB2D9-C4D5-429C-8E21-3A3268AF423D}.Debug|Any CPU.ActiveCfg = Debug|Any CPU
		{A9EEB2D9-C4D5-429C-8E21-3A3268AF423D}.Debug|Any CPU.Build.0 = Debug|Any CPU
		{A9EEB2D9-C4D5-429C-8E21-3A3268AF423D}.Release|Any CPU.ActiveCfg = Release|Any CPU
		{A9EEB2D9-C4D5-429C-8E21-3A3268AF423D}.Release|Any CPU.Build.0 = Release|Any CPU
		{AAEA0329-C6C5-4509-856E-1F922212D218}.Debug|Any CPU.ActiveCfg = Debug|Any CPU
		{AAEA0329-C6C5-4509-856E-1F922212D218}.Debug|Any CPU.Build.0 = Debug|Any CPU
		{AAEA0329-C6C5-4509-856E-1F922212D218}.Release|Any CPU.ActiveCfg = Release|Any CPU
		{AAEA0329-C6C5-4509-856E-1F922212D218}.Release|Any CPU.Build.0 = Release|Any CPU
		{9C352E56-9F8B-4D30-AC96-72F8DD9316BA}.Debug|Any CPU.ActiveCfg = Debug|Any CPU
		{9C352E56-9F8B-4D30-AC96-72F8DD9316BA}.Debug|Any CPU.Build.0 = Debug|Any CPU
		{9C352E56-9F8B-4D30-AC96-72F8DD9316BA}.Release|Any CPU.ActiveCfg = Release|Any CPU
		{9C352E56-9F8B-4D30-AC96-72F8DD9316BA}.Release|Any CPU.Build.0 = Release|Any CPU
		{28E7065A-C647-4156-92E0-7DB8B41D7AAF}.Debug|Any CPU.ActiveCfg = Debug|Any CPU
		{28E7065A-C647-4156-92E0-7DB8B41D7AAF}.Debug|Any CPU.Build.0 = Debug|Any CPU
		{28E7065A-C647-4156-92E0-7DB8B41D7AAF}.Release|Any CPU.ActiveCfg = Release|Any CPU
		{28E7065A-C647-4156-92E0-7DB8B41D7AAF}.Release|Any CPU.Build.0 = Release|Any CPU
		{373BC5EE-D913-49EA-886E-0EE4BEA81EAE}.Debug|Any CPU.ActiveCfg = Debug|Any CPU
		{373BC5EE-D913-49EA-886E-0EE4BEA81EAE}.Debug|Any CPU.Build.0 = Debug|Any CPU
		{373BC5EE-D913-49EA-886E-0EE4BEA81EAE}.Release|Any CPU.ActiveCfg = Release|Any CPU
		{373BC5EE-D913-49EA-886E-0EE4BEA81EAE}.Release|Any CPU.Build.0 = Release|Any CPU
		{584CA520-0BFB-4FAE-B5D3-BE1E540B7572}.Debug|Any CPU.ActiveCfg = Debug|Any CPU
		{584CA520-0BFB-4FAE-B5D3-BE1E540B7572}.Debug|Any CPU.Build.0 = Debug|Any CPU
		{584CA520-0BFB-4FAE-B5D3-BE1E540B7572}.Release|Any CPU.ActiveCfg = Release|Any CPU
		{584CA520-0BFB-4FAE-B5D3-BE1E540B7572}.Release|Any CPU.Build.0 = Release|Any CPU
		{0D2D0F4A-B811-4BF2-88EF-E72644FF3CBE}.Debug|Any CPU.ActiveCfg = Debug|Any CPU
		{0D2D0F4A-B811-4BF2-88EF-E72644FF3CBE}.Debug|Any CPU.Build.0 = Debug|Any CPU
		{0D2D0F4A-B811-4BF2-88EF-E72644FF3CBE}.Release|Any CPU.ActiveCfg = Release|Any CPU
		{0D2D0F4A-B811-4BF2-88EF-E72644FF3CBE}.Release|Any CPU.Build.0 = Release|Any CPU
		{AE9FD9E5-2498-405A-9DB1-459BECD38B97}.Debug|Any CPU.ActiveCfg = Debug|Any CPU
		{AE9FD9E5-2498-405A-9DB1-459BECD38B97}.Debug|Any CPU.Build.0 = Debug|Any CPU
		{AE9FD9E5-2498-405A-9DB1-459BECD38B97}.Release|Any CPU.ActiveCfg = Release|Any CPU
		{AE9FD9E5-2498-405A-9DB1-459BECD38B97}.Release|Any CPU.Build.0 = Release|Any CPU
		{10CFF6AC-039D-41D7-92B2-9511D3C60697}.Debug|Any CPU.ActiveCfg = Debug|Any CPU
		{10CFF6AC-039D-41D7-92B2-9511D3C60697}.Debug|Any CPU.Build.0 = Debug|Any CPU
		{10CFF6AC-039D-41D7-92B2-9511D3C60697}.Release|Any CPU.ActiveCfg = Release|Any CPU
		{10CFF6AC-039D-41D7-92B2-9511D3C60697}.Release|Any CPU.Build.0 = Release|Any CPU
		{992E2E39-A165-4B98-9862-E7B5B14E546F}.Debug|Any CPU.ActiveCfg = Debug|Any CPU
		{992E2E39-A165-4B98-9862-E7B5B14E546F}.Debug|Any CPU.Build.0 = Debug|Any CPU
		{992E2E39-A165-4B98-9862-E7B5B14E546F}.Release|Any CPU.ActiveCfg = Release|Any CPU
		{992E2E39-A165-4B98-9862-E7B5B14E546F}.Release|Any CPU.Build.0 = Release|Any CPU
		{CE00BCAD-D824-42E6-87B2-76B90E197819}.Debug|Any CPU.ActiveCfg = Debug|Any CPU
		{CE00BCAD-D824-42E6-87B2-76B90E197819}.Debug|Any CPU.Build.0 = Debug|Any CPU
		{CE00BCAD-D824-42E6-87B2-76B90E197819}.Release|Any CPU.ActiveCfg = Release|Any CPU
		{CE00BCAD-D824-42E6-87B2-76B90E197819}.Release|Any CPU.Build.0 = Release|Any CPU
	EndGlobalSection
	GlobalSection(SolutionProperties) = preSolution
		HideSolutionNode = FALSE
	EndGlobalSection
	GlobalSection(NestedProjects) = preSolution
		{83EA5284-E8DB-4B08-BF0C-A2CA9044E16E} = {47A35725-E56F-42D7-B18E-2F609C254031}
		{CCFE1C66-9040-41C6-9535-46F21EAE5E86} = {62D8791E-4C62-42B5-A5BC-64F4A19CC366}
		{79919EF2-F50B-44CB-8ED8-F1222700EA4F} = {47A35725-E56F-42D7-B18E-2F609C254031}
		{62D8791E-4C62-42B5-A5BC-64F4A19CC366} = {47A35725-E56F-42D7-B18E-2F609C254031}
		{0FC9BBA3-DB4C-40A9-ACEC-269F4508538B} = {62D8791E-4C62-42B5-A5BC-64F4A19CC366}
		{DD6CCFEF-F528-473D-B751-B5370B07D3DB} = {47A35725-E56F-42D7-B18E-2F609C254031}
		{8C5167E5-07D9-49BC-8962-7D072DC5271D} = {DD6CCFEF-F528-473D-B751-B5370B07D3DB}
		{717E3EFF-0BAA-44A4-AF63-C4D2EB1FD6A6} = {8C5167E5-07D9-49BC-8962-7D072DC5271D}
		{AF81148A-42CB-4AAF-978A-AE4BF14FA676} = {8C5167E5-07D9-49BC-8962-7D072DC5271D}
		{6FF5C78B-DFA6-44CF-973C-A22C661D2777} = {8C5167E5-07D9-49BC-8962-7D072DC5271D}
		{1F28CE6F-4B51-4562-A203-5A21F4B48A25} = {8C5167E5-07D9-49BC-8962-7D072DC5271D}
		{A5653F99-8132-463E-8EC9-2A296C0E1DC0} = {DD6CCFEF-F528-473D-B751-B5370B07D3DB}
		{A9EEB2D9-C4D5-429C-8E21-3A3268AF423D} = {A5653F99-8132-463E-8EC9-2A296C0E1DC0}
		{AAEA0329-C6C5-4509-856E-1F922212D218} = {A5653F99-8132-463E-8EC9-2A296C0E1DC0}
		{9C352E56-9F8B-4D30-AC96-72F8DD9316BA} = {A5653F99-8132-463E-8EC9-2A296C0E1DC0}
		{28E7065A-C647-4156-92E0-7DB8B41D7AAF} = {A5653F99-8132-463E-8EC9-2A296C0E1DC0}
		{923A4D42-C690-4FFA-AAD6-37D4D928C846} = {DD6CCFEF-F528-473D-B751-B5370B07D3DB}
		{373BC5EE-D913-49EA-886E-0EE4BEA81EAE} = {923A4D42-C690-4FFA-AAD6-37D4D928C846}
		{584CA520-0BFB-4FAE-B5D3-BE1E540B7572} = {923A4D42-C690-4FFA-AAD6-37D4D928C846}
		{0D2D0F4A-B811-4BF2-88EF-E72644FF3CBE} = {923A4D42-C690-4FFA-AAD6-37D4D928C846}
		{AE9FD9E5-2498-405A-9DB1-459BECD38B97} = {923A4D42-C690-4FFA-AAD6-37D4D928C846}
		{0E35E5CF-5A5B-452F-9D0E-DCB3294DF590} = {DD6CCFEF-F528-473D-B751-B5370B07D3DB}
		{10CFF6AC-039D-41D7-92B2-9511D3C60697} = {0E35E5CF-5A5B-452F-9D0E-DCB3294DF590}
		{992E2E39-A165-4B98-9862-E7B5B14E546F} = {83EA5284-E8DB-4B08-BF0C-A2CA9044E16E}
		{CE00BCAD-D824-42E6-87B2-76B90E197819} = {83EA5284-E8DB-4B08-BF0C-A2CA9044E16E}
	EndGlobalSection
EndGlobal
